github.com/bwmarrin/discordgo v0.0.0-20210317063225-9134c9ac287a h1:AR8yU6N1U6D74a32TFJzH6+XeEMgUnCNf3q3FgEZCzo=
github.com/bwmarrin/discordgo v0.0.0-20210317063225-9134c9ac287a/go.mod h1:w4vy4jkSmnTmTfT8T9ZrMkUEptiV7TLc1W8uV7s98DU=
github.com/openai/api v0.10.0 h1:zy1d6mp1RoOGgiR8AetPOTlOJgNjz0T8TGYjBz9Z0uE=
github.com/openai/api v0.10.0/go.mod h1:tKanq3AL/QeWkblZ7dOZMNH1X9eRtfZiLhEYtIzTtqc=
